// !$*UTF8*$!
{
	archiveVersion = 1;
	classes = {
	};
	objectVersion = 77;
	objects = {

/* Begin PBXBuildFile section */
		7CA35E962F5CD2D800C390C9 /* OpenSSL.xcframework in Frameworks */ = {isa = PBXBuildFile; fileRef = 7CA35E952F5CD2D800C390C9 /* OpenSSL.xcframework */; };
		7CA35E972F5CD2D800C390C9 /* OpenSSL.xcframework in Embed Frameworks */ = {isa = PBXBuildFile; fileRef = 7CA35E952F5CD2D800C390C9 /* OpenSSL.xcframework */; settings = {ATTRIBUTES = (CodeSignOnCopy, RemoveHeadersOnCopy, ); }; };
		D13999D92F642A6400847793 /* libmoonlight-common-c.a in Frameworks */ = {isa = PBXBuildFile; fileRef = D13999CE2F6428FD00847793 /* libmoonlight-common-c.a */; };
		D13999DA2F642A6700847793 /* libenet.a in Frameworks */ = {isa = PBXBuildFile; fileRef = D13999CC2F6428FD00847793 /* libenet.a */; };
		D13999DB2F642A6A00847793 /* libopus.a in Frameworks */ = {isa = PBXBuildFile; fileRef = D13999D82F64290500847793 /* libopus.a */; };
/* End PBXBuildFile section */

/* Begin PBXContainerItemProxy section */
		D13999CB2F6428FD00847793 /* PBXContainerItemProxy */ = {
			isa = PBXContainerItemProxy;
			containerPortal = D13999C32F6428FD00847793 /* moonlight-common-c.xcodeproj */;
			proxyType = 2;
			remoteGlobalIDString = 7E0FEF64E8EF4D67ADC09CA1;
			remoteInfo = enet;
		};
		D13999CD2F6428FD00847793 /* PBXContainerItemProxy */ = {
			isa = PBXContainerItemProxy;
			containerPortal = D13999C32F6428FD00847793 /* moonlight-common-c.xcodeproj */;
			proxyType = 2;
			remoteGlobalIDString = BEA6DE4DBD5E4BA6887FA392;
			remoteInfo = "moonlight-common-c";
		};
		D13999D72F64290500847793 /* PBXContainerItemProxy */ = {
			isa = PBXContainerItemProxy;
			containerPortal = D13999CF2F64290500847793 /* Opus.xcodeproj */;
			proxyType = 2;
			remoteGlobalIDString = B373534E8B094D2FA2821555;
			remoteInfo = opus;
		};
/* End PBXContainerItemProxy section */

/* Begin PBXCopyFilesBuildPhase section */
		7CA35E982F5CD2D800C390C9 /* Embed Frameworks */ = {
			isa = PBXCopyFilesBuildPhase;
			buildActionMask = 2147483647;
			dstPath = "";
			dstSubfolderSpec = 10;
			files = (
				7CA35E972F5CD2D800C390C9 /* OpenSSL.xcframework in Embed Frameworks */,
			);
			name = "Embed Frameworks";
			runOnlyForDeploymentPostprocessing = 0;
		};
/* End PBXCopyFilesBuildPhase section */

/* Begin PBXFileReference section */
		7CA35E6F2F5CC4D700C390C9 /* Moonlight-Swift.app */ = {isa = PBXFileReference; explicitFileType = wrapper.application; includeInIndex = 0; path = "Moonlight-Swift.app"; sourceTree = BUILT_PRODUCTS_DIR; };
		7CA35E952F5CD2D800C390C9 /* OpenSSL.xcframework */ = {isa = PBXFileReference; expectedSignature = "AppleDeveloperProgram:67RAULRX93:Marcin Krzyzanowski"; lastKnownFileType = wrapper.xcframework; name = OpenSSL.xcframework; path = Submodules/OpenSSL.xcframework; sourceTree = "<group>"; };
		D13999C32F6428FD00847793 /* moonlight-common-c.xcodeproj */ = {isa = PBXFileReference; lastKnownFileType = "wrapper.pb-project"; name = "moonlight-common-c.xcodeproj"; path = "Submodules/xcode/moonlight-common-c/moonlight-common-c.xcodeproj"; sourceTree = SOURCE_ROOT; };
		D13999CF2F64290500847793 /* Opus.xcodeproj */ = {isa = PBXFileReference; lastKnownFileType = "wrapper.pb-project"; name = Opus.xcodeproj; path = Submodules/xcode/opus/Opus.xcodeproj; sourceTree = SOURCE_ROOT; };
/* End PBXFileReference section */

/* Begin PBXFileSystemSynchronizedBuildFileExceptionSet section */
		7CA35E9A2F5CD41F00C390C9 /* Exceptions for "Moonlight-Swift" folder in "Moonlight-Swift" target */ = {
			isa = PBXFileSystemSynchronizedBuildFileExceptionSet;
			membershipExceptions = (
				Info.plist,
				Stream/Conntection/Connection.swift,
			);
			target = 7CA35E6E2F5CC4D700C390C9 /* Moonlight-Swift */;
		};
/* End PBXFileSystemSynchronizedBuildFileExceptionSet section */

/* Begin PBXFileSystemSynchronizedRootGroup section */
		7CA35E712F5CC4D700C390C9 /* Moonlight-Swift */ = {
			isa = PBXFileSystemSynchronizedRootGroup;
			exceptions = (
				7CA35E9A2F5CD41F00C390C9 /* Exceptions for "Moonlight-Swift" folder in "Moonlight-Swift" target */,
			);
			path = "Moonlight-Swift";
			sourceTree = "<group>";
		};
/* End PBXFileSystemSynchronizedRootGroup section */

/* Begin PBXFrameworksBuildPhase section */
		7CA35E6C2F5CC4D700C390C9 /* Frameworks */ = {
			isa = PBXFrameworksBuildPhase;
			buildActionMask = 2147483647;
			files = (
				D13999D92F642A6400847793 /* libmoonlight-common-c.a in Frameworks */,
				7CA35E962F5CD2D800C390C9 /* OpenSSL.xcframework in Frameworks */,
				D13999DB2F642A6A00847793 /* libopus.a in Frameworks */,
				D13999DA2F642A6700847793 /* libenet.a in Frameworks */,
			);
			runOnlyForDeploymentPostprocessing = 0;
		};
/* End PBXFrameworksBuildPhase section */

/* Begin PBXGroup section */
		7CA35E662F5CC4D700C390C9 = {
			isa = PBXGroup;
			children = (
				D13999C22F6428EB00847793 /* Thirdparty */,
				7CA35E712F5CC4D700C390C9 /* Moonlight-Swift */,
				7CA35E942F5CD2D800C390C9 /* Frameworks */,
				7CA35E702F5CC4D700C390C9 /* Products */,
			);
			sourceTree = "<group>";
		};
		7CA35E702F5CC4D700C390C9 /* Products */ = {
			isa = PBXGroup;
			children = (
				7CA35E6F2F5CC4D700C390C9 /* Moonlight-Swift.app */,
			);
			name = Products;
			sourceTree = "<group>";
		};
		7CA35E942F5CD2D800C390C9 /* Frameworks */ = {
			isa = PBXGroup;
			children = (
				7CA35E952F5CD2D800C390C9 /* OpenSSL.xcframework */,
			);
			name = Frameworks;
			sourceTree = "<group>";
		};
		D13999C22F6428EB00847793 /* Thirdparty */ = {
			isa = PBXGroup;
			children = (
				D13999CF2F64290500847793 /* Opus.xcodeproj */,
				D13999C32F6428FD00847793 /* moonlight-common-c.xcodeproj */,
			);
			path = Thirdparty;
			sourceTree = "<group>";
		};
		D13999C42F6428FD00847793 /* Products */ = {
			isa = PBXGroup;
			children = (
				D13999CC2F6428FD00847793 /* libenet.a */,
				D13999CE2F6428FD00847793 /* libmoonlight-common-c.a */,
			);
			name = Products;
			sourceTree = "<group>";
		};
		D13999D02F64290500847793 /* Products */ = {
			isa = PBXGroup;
			children = (
				D13999D82F64290500847793 /* libopus.a */,
			);
			name = Products;
			sourceTree = "<group>";
		};
/* End PBXGroup section */

/* Begin PBXNativeTarget section */
		7CA35E6E2F5CC4D700C390C9 /* Moonlight-Swift */ = {
			isa = PBXNativeTarget;
			buildConfigurationList = 7CA35E7A2F5CC4D800C390C9 /* Build configuration list for PBXNativeTarget "Moonlight-Swift" */;
			buildPhases = (
				7CA35E6B2F5CC4D700C390C9 /* Sources */,
				7CA35E6C2F5CC4D700C390C9 /* Frameworks */,
				7CA35E6D2F5CC4D700C390C9 /* Resources */,
				7CA35E982F5CD2D800C390C9 /* Embed Frameworks */,
			);
			buildRules = (
			);
			dependencies = (
			);
			fileSystemSynchronizedGroups = (
				7CA35E712F5CC4D700C390C9 /* Moonlight-Swift */,
			);
			name = "Moonlight-Swift";
			packageProductDependencies = (
			);
			productName = "Moonlight-Swift";
			productReference = 7CA35E6F2F5CC4D700C390C9 /* Moonlight-Swift.app */;
			productType = "com.apple.product-type.application";
		};
/* End PBXNativeTarget section */

/* Begin PBXProject section */
		7CA35E672F5CC4D700C390C9 /* Project object */ = {
			isa = PBXProject;
			attributes = {
				BuildIndependentTargetsInParallel = 1;
				LastSwiftUpdateCheck = 2630;
				LastUpgradeCheck = 2630;
				TargetAttributes = {
					7CA35E6E2F5CC4D700C390C9 = {
						CreatedOnToolsVersion = 26.3;
						LastSwiftMigration = 2630;
					};
				};
			};
			buildConfigurationList = 7CA35E6A2F5CC4D700C390C9 /* Build configuration list for PBXProject "Moonlight-Swift" */;
			developmentRegion = en;
			hasScannedForEncodings = 0;
			knownRegions = (
				en,
				Base,
			);
			mainGroup = 7CA35E662F5CC4D700C390C9;
			minimizedProjectReferenceProxies = 1;
			packageReferences = (
			);
			preferredProjectObjectVersion = 77;
			productRefGroup = 7CA35E702F5CC4D700C390C9 /* Products */;
			projectDirPath = "";
			projectReferences = (
				{
					ProductGroup = D13999C42F6428FD00847793 /* Products */;
					ProjectRef = D13999C32F6428FD00847793 /* moonlight-common-c.xcodeproj */;
				},
				{
					ProductGroup = D13999D02F64290500847793 /* Products */;
					ProjectRef = D13999CF2F64290500847793 /* Opus.xcodeproj */;
				},
			);
			projectRoot = "";
			targets = (
				7CA35E6E2F5CC4D700C390C9 /* Moonlight-Swift */,
			);
		};
/* End PBXProject section */

/* Begin PBXReferenceProxy section */
		D13999CC2F6428FD00847793 /* libenet.a */ = {
			isa = PBXReferenceProxy;
			fileType = archive.ar;
			path = libenet.a;
			remoteRef = D13999CB2F6428FD00847793 /* PBXContainerItemProxy */;
			sourceTree = BUILT_PRODUCTS_DIR;
		};
		D13999CE2F6428FD00847793 /* libmoonlight-common-c.a */ = {
			isa = PBXReferenceProxy;
			fileType = archive.ar;
			path = "libmoonlight-common-c.a";
			remoteRef = D13999CD2F6428FD00847793 /* PBXContainerItemProxy */;
			sourceTree = BUILT_PRODUCTS_DIR;
		};
		D13999D82F64290500847793 /* libopus.a */ = {
			isa = PBXReferenceProxy;
			fileType = archive.ar;
			path = libopus.a;
			remoteRef = D13999D72F64290500847793 /* PBXContainerItemProxy */;
			sourceTree = BUILT_PRODUCTS_DIR;
		};
/* End PBXReferenceProxy section */

/* Begin PBXResourcesBuildPhase section */
		7CA35E6D2F5CC4D700C390C9 /* Resources */ = {
			isa = PBXResourcesBuildPhase;
			buildActionMask = 2147483647;
			files = (
			);
			runOnlyForDeploymentPostprocessing = 0;
		};
/* End PBXResourcesBuildPhase section */

/* Begin PBXSourcesBuildPhase section */
		7CA35E6B2F5CC4D700C390C9 /* Sources */ = {
			isa = PBXSourcesBuildPhase;
			buildActionMask = 2147483647;
			files = (
			);
			runOnlyForDeploymentPostprocessing = 0;
		};
/* End PBXSourcesBuildPhase section */

/* Begin XCBuildConfiguration section */
		7CA35E782F5CC4D800C390C9 /* Debug */ = {
			isa = XCBuildConfiguration;
			buildSettings = {
				ALWAYS_SEARCH_USER_PATHS = NO;
				ASSETCATALOG_COMPILER_GENERATE_SWIFT_ASSET_SYMBOL_EXTENSIONS = YES;
				CLANG_ANALYZER_NONNULL = YES;
				CLANG_ANALYZER_NUMBER_OBJECT_CONVERSION = YES_AGGRESSIVE;
				CLANG_CXX_LANGUAGE_STANDARD = "gnu++20";
				CLANG_ENABLE_MODULES = YES;
				CLANG_ENABLE_OBJC_ARC = YES;
				CLANG_ENABLE_OBJC_WEAK = YES;
				CLANG_WARN_BLOCK_CAPTURE_AUTORELEASING = YES;
				CLANG_WARN_BOOL_CONVERSION = YES;
				CLANG_WARN_COMMA = YES;
				CLANG_WARN_CONSTANT_CONVERSION = YES;
				CLANG_WARN_DEPRECATED_OBJC_IMPLEMENTATIONS = YES;
				CLANG_WARN_DIRECT_OBJC_ISA_USAGE = YES_ERROR;
				CLANG_WARN_DOCUMENTATION_COMMENTS = YES;
				CLANG_WARN_EMPTY_BODY = YES;
				CLANG_WARN_ENUM_CONVERSION = YES;
				CLANG_WARN_INFINITE_RECURSION = YES;
				CLANG_WARN_INT_CONVERSION = YES;
				CLANG_WARN_NON_LITERAL_NULL_CONVERSION = YES;
				CLANG_WARN_OBJC_IMPLICIT_RETAIN_SELF = YES;
				CLANG_WARN_OBJC_LITERAL_CONVERSION = YES;
				CLANG_WARN_OBJC_ROOT_CLASS = YES_ERROR;
				CLANG_WARN_QUOTED_INCLUDE_IN_FRAMEWORK_HEADER = YES;
				CLANG_WARN_RANGE_LOOP_ANALYSIS = YES;
				CLANG_WARN_STRICT_PROTOTYPES = YES;
				CLANG_WARN_SUSPICIOUS_MOVE = YES;
				CLANG_WARN_UNGUARDED_AVAILABILITY = YES_AGGRESSIVE;
				CLANG_WARN_UNREACHABLE_CODE = YES;
				CLANG_WARN__DUPLICATE_METHOD_MATCH = YES;
				COPY_PHASE_STRIP = NO;
				DEBUG_INFORMATION_FORMAT = dwarf;
				DEVELOPMENT_TEAM = D59DHVRS87;
				ENABLE_STRICT_OBJC_MSGSEND = YES;
				ENABLE_TESTABILITY = YES;
				ENABLE_USER_SCRIPT_SANDBOXING = YES;
				GCC_C_LANGUAGE_STANDARD = gnu17;
				GCC_DYNAMIC_NO_PIC = NO;
				GCC_NO_COMMON_BLOCKS = YES;
				GCC_OPTIMIZATION_LEVEL = 0;
				GCC_PREPROCESSOR_DEFINITIONS = (
					"DEBUG=1",
					"$(inherited)",
				);
				GCC_WARN_64_TO_32_BIT_CONVERSION = YES;
				GCC_WARN_ABOUT_RETURN_TYPE = YES_ERROR;
				GCC_WARN_UNDECLARED_SELECTOR = YES;
				GCC_WARN_UNINITIALIZED_AUTOS = YES_AGGRESSIVE;
				GCC_WARN_UNUSED_FUNCTION = YES;
				GCC_WARN_UNUSED_VARIABLE = YES;
				IPHONEOS_DEPLOYMENT_TARGET = 26.2;
				LOCALIZATION_PREFERS_STRING_CATALOGS = YES;
				MTL_ENABLE_DEBUG_INFO = INCLUDE_SOURCE;
				MTL_FAST_MATH = YES;
				ONLY_ACTIVE_ARCH = YES;
				SDKROOT = iphoneos;
				SWIFT_ACTIVE_COMPILATION_CONDITIONS = "DEBUG $(inherited)";
				SWIFT_OPTIMIZATION_LEVEL = "-Onone";
			};
			name = Debug;
		};
		7CA35E792F5CC4D800C390C9 /* Release */ = {
			isa = XCBuildConfiguration;
			buildSettings = {
				ALWAYS_SEARCH_USER_PATHS = NO;
				ASSETCATALOG_COMPILER_GENERATE_SWIFT_ASSET_SYMBOL_EXTENSIONS = YES;
				CLANG_ANALYZER_NONNULL = YES;
				CLANG_ANALYZER_NUMBER_OBJECT_CONVERSION = YES_AGGRESSIVE;
				CLANG_CXX_LANGUAGE_STANDARD = "gnu++20";
				CLANG_ENABLE_MODULES = YES;
				CLANG_ENABLE_OBJC_ARC = YES;
				CLANG_ENABLE_OBJC_WEAK = YES;
				CLANG_WARN_BLOCK_CAPTURE_AUTORELEASING = YES;
				CLANG_WARN_BOOL_CONVERSION = YES;
				CLANG_WARN_COMMA = YES;
				CLANG_WARN_CONSTANT_CONVERSION = YES;
				CLANG_WARN_DEPRECATED_OBJC_IMPLEMENTATIONS = YES;
				CLANG_WARN_DIRECT_OBJC_ISA_USAGE = YES_ERROR;
				CLANG_WARN_DOCUMENTATION_COMMENTS = YES;
				CLANG_WARN_EMPTY_BODY = YES;
				CLANG_WARN_ENUM_CONVERSION = YES;
				CLANG_WARN_INFINITE_RECURSION = YES;
				CLANG_WARN_INT_CONVERSION = YES;
				CLANG_WARN_NON_LITERAL_NULL_CONVERSION = YES;
				CLANG_WARN_OBJC_IMPLICIT_RETAIN_SELF = YES;
				CLANG_WARN_OBJC_LITERAL_CONVERSION = YES;
				CLANG_WARN_OBJC_ROOT_CLASS = YES_ERROR;
				CLANG_WARN_QUOTED_INCLUDE_IN_FRAMEWORK_HEADER = YES;
				CLANG_WARN_RANGE_LOOP_ANALYSIS = YES;
				CLANG_WARN_STRICT_PROTOTYPES = YES;
				CLANG_WARN_SUSPICIOUS_MOVE = YES;
				CLANG_WARN_UNGUARDED_AVAILABILITY = YES_AGGRESSIVE;
				CLANG_WARN_UNREACHABLE_CODE = YES;
				CLANG_WARN__DUPLICATE_METHOD_MATCH = YES;
				COPY_PHASE_STRIP = NO;
				DEBUG_INFORMATION_FORMAT = "dwarf-with-dsym";
				DEVELOPMENT_TEAM = D59DHVRS87;
				ENABLE_NS_ASSERTIONS = NO;
				ENABLE_STRICT_OBJC_MSGSEND = YES;
				ENABLE_USER_SCRIPT_SANDBOXING = YES;
				GCC_C_LANGUAGE_STANDARD = gnu17;
				GCC_NO_COMMON_BLOCKS = YES;
				GCC_WARN_64_TO_32_BIT_CONVERSION = YES;
				GCC_WARN_ABOUT_RETURN_TYPE = YES_ERROR;
				GCC_WARN_UNDECLARED_SELECTOR = YES;
				GCC_WARN_UNINITIALIZED_AUTOS = YES_AGGRESSIVE;
				GCC_WARN_UNUSED_FUNCTION = YES;
				GCC_WARN_UNUSED_VARIABLE = YES;
				IPHONEOS_DEPLOYMENT_TARGET = 26.2;
				LOCALIZATION_PREFERS_STRING_CATALOGS = YES;
				MTL_ENABLE_DEBUG_INFO = NO;
				MTL_FAST_MATH = YES;
				SDKROOT = iphoneos;
				SWIFT_COMPILATION_MODE = wholemodule;
				VALIDATE_PRODUCT = YES;
			};
			name = Release;
		};
		7CA35E7B2F5CC4D800C390C9 /* Debug */ = {
			isa = XCBuildConfiguration;
			buildSettings = {
				ASSETCATALOG_COMPILER_APPICON_NAME = AppIcon;
				ASSETCATALOG_COMPILER_GLOBAL_ACCENT_COLOR_NAME = AccentColor;
				CLANG_ENABLE_MODULES = YES;
				CODE_SIGN_STYLE = Automatic;
				CURRENT_PROJECT_VERSION = 1;
				DEVELOPMENT_TEAM = D59DHVRS87;
				ENABLE_PREVIEWS = YES;
				GENERATE_INFOPLIST_FILE = YES;
				HEADER_SEARCH_PATHS = (
					"\"$(SRCROOT)/Submodules/moonlight-common-c/src\"",
					"\"$(SRCROOT)/Submodules/opus/include\"",
				);
				INFOPLIST_FILE = "Moonlight-Swift/Info.plist";
				INFOPLIST_KEY_NSLocalNetworkUsageDescription = "";
				INFOPLIST_KEY_UIApplicationSceneManifest_Generation = YES;
				INFOPLIST_KEY_UIApplicationSupportsIndirectInputEvents = YES;
				INFOPLIST_KEY_UILaunchScreen_Generation = YES;
				INFOPLIST_KEY_UISupportedInterfaceOrientations_iPad = "UIInterfaceOrientationPortrait UIInterfaceOrientationPortraitUpsideDown UIInterfaceOrientationLandscapeLeft UIInterfaceOrientationLandscapeRight";
				INFOPLIST_KEY_UISupportedInterfaceOrientations_iPhone = "UIInterfaceOrientationPortrait UIInterfaceOrientationLandscapeLeft UIInterfaceOrientationLandscapeRight";
				LD_RUNPATH_SEARCH_PATHS = (
					"$(inherited)",
					"@executable_path/Frameworks",
				);
				MARKETING_VERSION = 1.0;
				PRODUCT_BUNDLE_IDENTIFIER = "ru.xitrix.Moonlight-Swift";
				PRODUCT_NAME = "$(TARGET_NAME)";
				SDKROOT = iphoneos;
				STRING_CATALOG_GENERATE_SYMBOLS = YES;
				SUPPORTED_PLATFORMS = "appletvos appletvsimulator iphoneos iphonesimulator xros xrsimulator";
				SUPPORTS_MACCATALYST = NO;
				SUPPORTS_XR_DESIGNED_FOR_IPHONE_IPAD = NO;
				SWIFT_APPROACHABLE_CONCURRENCY = YES;
				SWIFT_DEFAULT_ACTOR_ISOLATION = MainActor;
				SWIFT_EMIT_LOC_STRINGS = YES;
				SWIFT_OBJC_BRIDGING_HEADER = "Moonlight-Swift/Moonlight-Swift-Bridging-Header.h";
				SWIFT_OPTIMIZATION_LEVEL = "-Onone";
				SWIFT_UPCOMING_FEATURE_MEMBER_IMPORT_VISIBILITY = YES;
				SWIFT_VERSION = 5.0;
				TARGETED_DEVICE_FAMILY = "1,2,3,7";
			};
			name = Debug;
		};
		7CA35E7C2F5CC4D800C390C9 /* Release */ = {
			isa = XCBuildConfiguration;
			buildSettings = {
				ASSETCATALOG_COMPILER_APPICON_NAME = AppIcon;
				ASSETCATALOG_COMPILER_GLOBAL_ACCENT_COLOR_NAME = AccentColor;
				CLANG_ENABLE_MODULES = YES;
				CODE_SIGN_STYLE = Automatic;
				CURRENT_PROJECT_VERSION = 1;
				DEVELOPMENT_TEAM = D59DHVRS87;
				ENABLE_PREVIEWS = YES;
				GENERATE_INFOPLIST_FILE = YES;
				HEADER_SEARCH_PATHS = (
					"\"$(SRCROOT)/Submodules/moonlight-common-c/src\"",
					"\"$(SRCROOT)/Submodules/opus/include\"",
				);
				INFOPLIST_FILE = "Moonlight-Swift/Info.plist";
				INFOPLIST_KEY_NSLocalNetworkUsageDescription = "";
				INFOPLIST_KEY_UIApplicationSceneManifest_Generation = YES;
				INFOPLIST_KEY_UIApplicationSupportsIndirectInputEvents = YES;
				INFOPLIST_KEY_UILaunchScreen_Generation = YES;
				INFOPLIST_KEY_UISupportedInterfaceOrientations_iPad = "UIInterfaceOrientationPortrait UIInterfaceOrientationPortraitUpsideDown UIInterfaceOrientationLandscapeLeft UIInterfaceOrientationLandscapeRight";
				INFOPLIST_KEY_UISupportedInterfaceOrientations_iPhone = "UIInterfaceOrientationPortrait UIInterfaceOrientationLandscapeLeft UIInterfaceOrientationLandscapeRight";
				LD_RUNPATH_SEARCH_PATHS = (
					"$(inherited)",
					"@executable_path/Frameworks",
				);
				MARKETING_VERSION = 1.0;
				PRODUCT_BUNDLE_IDENTIFIER = "ru.xitrix.Moonlight-Swift";
				PRODUCT_NAME = "$(TARGET_NAME)";
				SDKROOT = iphoneos;
				STRING_CATALOG_GENERATE_SYMBOLS = YES;
				SUPPORTED_PLATFORMS = "appletvos appletvsimulator iphoneos iphonesimulator xros xrsimulator";
				SUPPORTS_MACCATALYST = NO;
				SUPPORTS_XR_DESIGNED_FOR_IPHONE_IPAD = NO;
				SWIFT_APPROACHABLE_CONCURRENCY = YES;
				SWIFT_DEFAULT_ACTOR_ISOLATION = MainActor;
				SWIFT_EMIT_LOC_STRINGS = YES;
				SWIFT_OBJC_BRIDGING_HEADER = "Moonlight-Swift/Moonlight-Swift-Bridging-Header.h";
				SWIFT_UPCOMING_FEATURE_MEMBER_IMPORT_VISIBILITY = YES;
				SWIFT_VERSION = 5.0;
				TARGETED_DEVICE_FAMILY = "1,2,3,7";
			};
			name = Release;
		};
/* End XCBuildConfiguration section */

/* Begin XCConfigurationList section */
		7CA35E6A2F5CC4D700C390C9 /* Build configuration list for PBXProject "Moonlight-Swift" */ = {
			isa = XCConfigurationList;
			buildConfigurations = (
				7CA35E782F5CC4D800C390C9 /* Debug */,
				7CA35E792F5CC4D800C390C9 /* Release */,
			);
			defaultConfigurationIsVisible = 0;
			defaultConfigurationName = Release;
		};
		7CA35E7A2F5CC4D800C390C9 /* Build configuration list for PBXNativeTarget "Moonlight-Swift" */ = {
			isa = XCConfigurationList;
			buildConfigurations = (
				7CA35E7B2F5CC4D800C390C9 /* Debug */,
				7CA35E7C2F5CC4D800C390C9 /* Release */,
			);
			defaultConfigurationIsVisible = 0;
			defaultConfigurationName = Release;
		};
/* End XCConfigurationList section */
	};
	rootObject = 7CA35E672F5CC4D700C390C9 /* Project object */;
}
